
Microsoft Visual Studio Solution File, Format Version 11.00
# Visual Studio 2010
Project("{FAE04EC0-301F-11D3-BF4B-00C04F79EFBC}") = "School Game", "Assembly-CSharp-firstpass.csproj", "{620D03DA-B483-D1E7-D235-E4C50E0FE9A8}"
EndProject
Project("{FAE04EC0-301F-11D3-BF4B-00C04F79EFBC}") = "School Game", "Assembly-CSharp.csproj", "{23964645-8856-EAED-DA18-FC81047B447D}"
EndProject
Project("{FAE04EC0-301F-11D3-BF4B-00C04F79EFBC}") = "School Game", "Assembly-CSharp-Editor-firstpass.csproj", "{4DC0F359-86C8-AAC8-727F-6EDB7A42DCAE}"
EndProject
Global
	GlobalSection(SolutionConfigurationPlatforms) = preSolution
		Debug|Any CPU = Debug|Any CPU
		Release|Any CPU = Release|Any CPU
	EndGlobalSection
	GlobalSection(ProjectConfigurationPlatforms) = postSolution
		{620D03DA-B483-D1E7-D235-E4C50E0FE9A8}.Debug|Any CPU.ActiveCfg = Debug|Any CPU
		{620D03DA-B483-D1E7-D235-E4C50E0FE9A8}.Debug|Any CPU.Build.0 = Debug|Any CPU
		{620D03DA-B483-D1E7-D235-E4C50E0FE9A8}.Release|Any CPU.ActiveCfg = Release|Any CPU
		{620D03DA-B483-D1E7-D235-E4C50E0FE9A8}.Release|Any CPU.Build.0 = Release|Any CPU
		{23964645-8856-EAED-DA18-FC81047B447D}.Debug|Any CPU.ActiveCfg = Debug|Any CPU
		{23964645-8856-EAED-DA18-FC81047B447D}.Debug|Any CPU.Build.0 = Debug|Any CPU
		{23964645-8856-EAED-DA18-FC81047B447D}.Release|Any CPU.ActiveCfg = Release|Any CPU
		{23964645-8856-EAED-DA18-FC81047B447D}.Release|Any CPU.Build.0 = Release|Any CPU
		{4DC0F359-86C8-AAC8-727F-6EDB7A42DCAE}.Debug|Any CPU.ActiveCfg = Debug|Any CPU
		{4DC0F359-86C8-AAC8-727F-6EDB7A42DCAE}.Debug|Any CPU.Build.0 = Debug|Any CPU
		{4DC0F359-86C8-AAC8-727F-6EDB7A42DCAE}.Release|Any CPU.ActiveCfg = Release|Any CPU
		{4DC0F359-86C8-AAC8-727F-6EDB7A42DCAE}.Release|Any CPU.Build.0 = Release|Any CPU
	EndGlobalSection
	GlobalSection(SolutionProperties) = preSolution
		HideSolutionNode = FALSE
	EndGlobalSection
	GlobalSection(MonoDevelopProperties) = preSolution
		StartupItem = Assembly-CSharp.csproj
	EndGlobalSection
EndGlobal
